
Microsoft Visual Studio Solution File, Format Version 12.00
# Visual Studio 14
VisualStudioVersion = 14.0.25420.1
MinimumVisualStudioVersion = 10.0.40219.1
Project("{FAE04EC0-301F-11D3-BF4B-00C04F79EFBC}") = "RxMeetup", "RxMeetup\RxMeetup.csproj", "{282A76F8-A5BA-47D6-BBD5-EFF8FECB7A38}"
EndProject
Project("{FAE04EC0-301F-11D3-BF4B-00C04F79EFBC}") = "RxMeetup.Intro", "RxMeetup.Intro\RxMeetup.Intro.csproj", "{173B8000-8CBA-4A1C-A5A1-0600233F717F}"
EndProject
Global
	GlobalSection(SolutionConfigurationPlatforms) = preSolution
		Debug|Any CPU = Debug|Any CPU
		Release|Any CPU = Release|Any CPU
	EndGlobalSection
	GlobalSection(ProjectConfigurationPlatforms) = postSolution
		{282A76F8-A5BA-47D6-BBD5-EFF8FECB7A38}.Debug|Any CPU.ActiveCfg = Debug|Any CPU
		{282A76F8-A5BA-47D6-BBD5-EFF8FECB7A38}.Debug|Any CPU.Build.0 = Debug|Any CPU
		{282A76F8-A5BA-47D6-BBD5-EFF8FECB7A38}.Release|Any CPU.ActiveCfg = Release|Any CPU
		{282A76F8-A5BA-47D6-BBD5-EFF8FECB7A38}.Release|Any CPU.Build.0 = Release|Any CPU
		{173B8000-8CBA-4A1C-A5A1-0600233F717F}.Debug|Any CPU.ActiveCfg = Debug|Any CPU
		{173B8000-8CBA-4A1C-A5A1-0600233F717F}.Debug|Any CPU.Build.0 = Debug|Any CPU
		{173B8000-8CBA-4A1C-A5A1-0600233F717F}.Release|Any CPU.ActiveCfg = Release|Any CPU
		{173B8000-8CBA-4A1C-A5A1-0600233F717F}.Release|Any CPU.Build.0 = Release|Any CPU
	EndGlobalSection
	GlobalSection(SolutionProperties) = preSolution
		HideSolutionNode = FALSE
	EndGlobalSection
EndGlobal
